
Microsoft Visual Studio Solution File, Format Version 12.00
# Visual Studio Version 18
VisualStudioVersion = 18.1.11312.151 d18.0
MinimumVisualStudioVersion = 10.0.40219.1
Project("{2150E333-8FDC-42A3-9474-1A3956D46DE8}") = "src", "src", "{827E0CD3-B72D-47B6-A68D-7590B98EB39B}"
EndProject
Project("{FAE04EC0-301F-11D3-BF4B-00C04F79EFBC}") = "Shared", "src\Shared\Shared.csproj", "{34494D63-E6EC-4C7F-95A5-B4988AAEA689}"
EndProject
Project("{FAE04EC0-301F-11D3-BF4B-00C04F79EFBC}") = "OrderService", "src\OrderService\OrderService.csproj", "{FD49DAA8-E4FF-4303-B3E0-F23ED0AADE47}"
EndProject
Project("{FAE04EC0-301F-11D3-BF4B-00C04F79EFBC}") = "PaymentService", "src\PaymentService\PaymentService.csproj", "{C6CF1876-99E7-4F21-A56A-BAEC37CE8BCF}"
EndProject
Project("{FAE04EC0-301F-11D3-BF4B-00C04F79EFBC}") = "InventoryService", "src\InventoryService\InventoryService.csproj", "{99852B1C-02BC-458D-91FA-9C8150CCABF6}"
EndProject
Project("{FAE04EC0-301F-11D3-BF4B-00C04F79EFBC}") = "DeliveryService", "src\DeliveryService\DeliveryService.csproj", "{5871CCFE-FB11-4566-AACD-09580B8101BF}"
EndProject
Project("{FAE04EC0-301F-11D3-BF4B-00C04F79EFBC}") = "SagaOrchestrator", "src\SagaOrchestrator\SagaOrchestrator.csproj", "{9E2D0991-1F9F-4FAD-9576-0103DBCC7040}"
EndProject
Project("{2150E333-8FDC-42A3-9474-1A3956D46DE8}") = "4 - DeliveryService", "4 - DeliveryService", "{F002C04C-C0E9-4DB3-B1C0-D0D7853A45C8}"
EndProject
Project("{2150E333-8FDC-42A3-9474-1A3956D46DE8}") = "1 - OrderService", "1 - OrderService", "{BEFC3705-A416-4160-8BB2-63CF080A04FC}"
EndProject
Project("{2150E333-8FDC-42A3-9474-1A3956D46DE8}") = "2 - PaymentService", "2 - PaymentService", "{8DC9552D-35EF-4336-902E-78927064A761}"
EndProject
Project("{2150E333-8FDC-42A3-9474-1A3956D46DE8}") = "3 - InventoryService", "3 - InventoryService", "{3D084815-0350-4529-AC2E-0FAC9C5074FD}"
EndProject
Project("{2150E333-8FDC-42A3-9474-1A3956D46DE8}") = "0 - SagaOrchestrator", "0 - SagaOrchestrator", "{682B782F-8BF9-4DAE-8B77-831360988A47}"
EndProject
Global
	GlobalSection(SolutionConfigurationPlatforms) = preSolution
		Debug|Any CPU = Debug|Any CPU
		Debug|x64 = Debug|x64
		Debug|x86 = Debug|x86
		Release|Any CPU = Release|Any CPU
		Release|x64 = Release|x64
		Release|x86 = Release|x86
	EndGlobalSection
	GlobalSection(ProjectConfigurationPlatforms) = postSolution
		{34494D63-E6EC-4C7F-95A5-B4988AAEA689}.Debug|Any CPU.ActiveCfg = Debug|Any CPU
		{34494D63-E6EC-4C7F-95A5-B4988AAEA689}.Debug|Any CPU.Build.0 = Debug|Any CPU
		{34494D63-E6EC-4C7F-95A5-B4988AAEA689}.Debug|x64.ActiveCfg = Debug|Any CPU
		{34494D63-E6EC-4C7F-95A5-B4988AAEA689}.Debug|x64.Build.0 = Debug|Any CPU
		{34494D63-E6EC-4C7F-95A5-B4988AAEA689}.Debug|x86.ActiveCfg = Debug|Any CPU
		{34494D63-E6EC-4C7F-95A5-B4988AAEA689}.Debug|x86.Build.0 = Debug|Any CPU
		{34494D63-E6EC-4C7F-95A5-B4988AAEA689}.Release|Any CPU.ActiveCfg = Release|Any CPU
		{34494D63-E6EC-4C7F-95A5-B4988AAEA689}.Release|Any CPU.Build.0 = Release|Any CPU
		{34494D63-E6EC-4C7F-95A5-B4988AAEA689}.Release|x64.ActiveCfg = Release|Any CPU
		{34494D63-E6EC-4C7F-95A5-B4988AAEA689}.Release|x64.Build.0 = Release|Any CPU
		{34494D63-E6EC-4C7F-95A5-B4988AAEA689}.Release|x86.ActiveCfg = Release|Any CPU
		{34494D63-E6EC-4C7F-95A5-B4988AAEA689}.Release|x86.Build.0 = Release|Any CPU
		{FD49DAA8-E4FF-4303-B3E0-F23ED0AADE47}.Debug|Any CPU.ActiveCfg = Debug|Any CPU
		{FD49DAA8-E4FF-4303-B3E0-F23ED0AADE47}.Debug|Any CPU.Build.0 = Debug|Any CPU
		{FD49DAA8-E4FF-4303-B3E0-F23ED0AADE47}.Debug|x64.ActiveCfg = Debug|Any CPU
		{FD49DAA8-E4FF-4303-B3E0-F23ED0AADE47}.Debug|x64.Build.0 = Debug|Any CPU
		{FD49DAA8-E4FF-4303-B3E0-F23ED0AADE47}.Debug|x86.ActiveCfg = Debug|Any CPU
		{FD49DAA8-E4FF-4303-B3E0-F23ED0AADE47}.Debug|x86.Build.0 = Debug|Any CPU
		{FD49DAA8-E4FF-4303-B3E0-F23ED0AADE47}.Release|Any CPU.ActiveCfg = Release|Any CPU
		{FD49DAA8-E4FF-4303-B3E0-F23ED0AADE47}.Release|Any CPU.Build.0 = Release|Any CPU
		{FD49DAA8-E4FF-4303-B3E0-F23ED0AADE47}.Release|x64.ActiveCfg = Release|Any CPU
		{FD49DAA8-E4FF-4303-B3E0-F23ED0AADE47}.Release|x64.Build.0 = Release|Any CPU
		{FD49DAA8-E4FF-4303-B3E0-F23ED0AADE47}.Release|x86.ActiveCfg = Release|Any CPU
		{FD49DAA8-E4FF-4303-B3E0-F23ED0AADE47}.Release|x86.Build.0 = Release|Any CPU
		{C6CF1876-99E7-4F21-A56A-BAEC37CE8BCF}.Debug|Any CPU.ActiveCfg = Debug|Any CPU
		{C6CF1876-99E7-4F21-A56A-BAEC37CE8BCF}.Debug|Any CPU.Build.0 = Debug|Any CPU
		{C6CF1876-99E7-4F21-A56A-BAEC37CE8BCF}.Debug|x64.ActiveCfg = Debug|Any CPU
		{C6CF1876-99E7-4F21-A56A-BAEC37CE8BCF}.Debug|x64.Build.0 = Debug|Any CPU
		{C6CF1876-99E7-4F21-A56A-BAEC37CE8BCF}.Debug|x86.ActiveCfg = Debug|Any CPU
		{C6CF1876-99E7-4F21-A56A-BAEC37CE8BCF}.Debug|x86.Build.0 = Debug|Any CPU
		{C6CF1876-99E7-4F21-A56A-BAEC37CE8BCF}.Release|Any CPU.ActiveCfg = Release|Any CPU
		{C6CF1876-99E7-4F21-A56A-BAEC37CE8BCF}.Release|Any CPU.Build.0 = Release|Any CPU
		{C6CF1876-99E7-4F21-A56A-BAEC37CE8BCF}.Release|x64.ActiveCfg = Release|Any CPU
		{C6CF1876-99E7-4F21-A56A-BAEC37CE8BCF}.Release|x64.Build.0 = Release|Any CPU
		{C6CF1876-99E7-4F21-A56A-BAEC37CE8BCF}.Release|x86.ActiveCfg = Release|Any CPU
		{C6CF1876-99E7-4F21-A56A-BAEC37CE8BCF}.Release|x86.Build.0 = Release|Any CPU
		{99852B1C-02BC-458D-91FA-9C8150CCABF6}.Debug|Any CPU.ActiveCfg = Debug|Any CPU
		{99852B1C-02BC-458D-91FA-9C8150CCABF6}.Debug|Any CPU.Build.0 = Debug|Any CPU
		{99852B1C-02BC-458D-91FA-9C8150CCABF6}.Debug|x64.ActiveCfg = Debug|Any CPU
		{99852B1C-02BC-458D-91FA-9C8150CCABF6}.Debug|x64.Build.0 = Debug|Any CPU
		{99852B1C-02BC-458D-91FA-9C8150CCABF6}.Debug|x86.ActiveCfg = Debug|Any CPU
		{99852B1C-02BC-458D-91FA-9C8150CCABF6}.Debug|x86.Build.0 = Debug|Any CPU
		{99852B1C-02BC-458D-91FA-9C8150CCABF6}.Release|Any CPU.ActiveCfg = Release|Any CPU
		{99852B1C-02BC-458D-91FA-9C8150CCABF6}.Release|Any CPU.Build.0 = Release|Any CPU
		{99852B1C-02BC-458D-91FA-9C8150CCABF6}.Release|x64.ActiveCfg = Release|Any CPU
		{99852B1C-02BC-458D-91FA-9C8150CCABF6}.Release|x64.Build.0 = Release|Any CPU
		{99852B1C-02BC-458D-91FA-9C8150CCABF6}.Release|x86.ActiveCfg = Release|Any CPU
		{99852B1C-02BC-458D-91FA-9C8150CCABF6}.Release|x86.Build.0 = Release|Any CPU
		{5871CCFE-FB11-4566-AACD-09580B8101BF}.Debug|Any CPU.ActiveCfg = Debug|Any CPU
		{5871CCFE-FB11-4566-AACD-09580B8101BF}.Debug|Any CPU.Build.0 = Debug|Any CPU
		{5871CCFE-FB11-4566-AACD-09580B8101BF}.Debug|x64.ActiveCfg = Debug|Any CPU
		{5871CCFE-FB11-4566-AACD-09580B8101BF}.Debug|x64.Build.0 = Debug|Any CPU
		{5871CCFE-FB11-4566-AACD-09580B8101BF}.Debug|x86.ActiveCfg = Debug|Any CPU
		{5871CCFE-FB11-4566-AACD-09580B8101BF}.Debug|x86.Build.0 = Debug|Any CPU
		{5871CCFE-FB11-4566-AACD-09580B8101BF}.Release|Any CPU.ActiveCfg = Release|Any CPU
		{5871CCFE-FB11-4566-AACD-09580B8101BF}.Release|Any CPU.Build.0 = Release|Any CPU
		{5871CCFE-FB11-4566-AACD-09580B8101BF}.Release|x64.ActiveCfg = Release|Any CPU
		{5871CCFE-FB11-4566-AACD-09580B8101BF}.Release|x64.Build.0 = Release|Any CPU
		{5871CCFE-FB11-4566-AACD-09580B8101BF}.Release|x86.ActiveCfg = Release|Any CPU
		{5871CCFE-FB11-4566-AACD-09580B8101BF}.Release|x86.Build.0 = Release|Any CPU
		{9E2D0991-1F9F-4FAD-9576-0103DBCC7040}.Debug|Any CPU.ActiveCfg = Debug|Any CPU
		{9E2D0991-1F9F-4FAD-9576-0103DBCC7040}.Debug|Any CPU.Build.0 = Debug|Any CPU
		{9E2D0991-1F9F-4FAD-9576-0103DBCC7040}.Debug|x64.ActiveCfg = Debug|Any CPU
		{9E2D0991-1F9F-4FAD-9576-0103DBCC7040}.Debug|x64.Build.0 = Debug|Any CPU
		{9E2D0991-1F9F-4FAD-9576-0103DBCC7040}.Debug|x86.ActiveCfg = Debug|Any CPU
		{9E2D0991-1F9F-4FAD-9576-0103DBCC7040}.Debug|x86.Build.0 = Debug|Any CPU
		{9E2D0991-1F9F-4FAD-9576-0103DBCC7040}.Release|Any CPU.ActiveCfg = Release|Any CPU
		{9E2D0991-1F9F-4FAD-9576-0103DBCC7040}.Release|Any CPU.Build.0 = Release|Any CPU
		{9E2D0991-1F9F-4FAD-9576-0103DBCC7040}.Release|x64.ActiveCfg = Release|Any CPU
		{9E2D0991-1F9F-4FAD-9576-0103DBCC7040}.Release|x64.Build.0 = Release|Any CPU
		{9E2D0991-1F9F-4FAD-9576-0103DBCC7040}.Release|x86.ActiveCfg = Release|Any CPU
		{9E2D0991-1F9F-4FAD-9576-0103DBCC7040}.Release|x86.Build.0 = Release|Any CPU
	EndGlobalSection
	GlobalSection(SolutionProperties) = preSolution
		HideSolutionNode = FALSE
	EndGlobalSection
	GlobalSection(NestedProjects) = preSolution
		{34494D63-E6EC-4C7F-95A5-B4988AAEA689} = {827E0CD3-B72D-47B6-A68D-7590B98EB39B}
		{FD49DAA8-E4FF-4303-B3E0-F23ED0AADE47} = {BEFC3705-A416-4160-8BB2-63CF080A04FC}
		{C6CF1876-99E7-4F21-A56A-BAEC37CE8BCF} = {8DC9552D-35EF-4336-902E-78927064A761}
		{99852B1C-02BC-458D-91FA-9C8150CCABF6} = {3D084815-0350-4529-AC2E-0FAC9C5074FD}
		{5871CCFE-FB11-4566-AACD-09580B8101BF} = {F002C04C-C0E9-4DB3-B1C0-D0D7853A45C8}
		{9E2D0991-1F9F-4FAD-9576-0103DBCC7040} = {682B782F-8BF9-4DAE-8B77-831360988A47}
	EndGlobalSection
	GlobalSection(ExtensibilityGlobals) = postSolution
		SolutionGuid = {419F4ADA-9F02-4397-BB7D-B84DAF2F7156}
	EndGlobalSection
EndGlobal
